github.com/google/go-cmp v0.6.0 h1:ofyhxvXcZhMsU5ulbFiLKl/XBFqE1GSq7atu8tAmTRI=
github.com/google/go-cmp v0.6.0/go.mod h1:17dUlkBOakJ0+DkrSSNjCkIjxS6bF9zb3elmeNGIjoY=
github.com/spf13/pflag v1.0.5 h1:iy+VFUOCP1a+8yFto/drg2CJ5u0yRoB7fZw3DKv/JXA=
github.com/spf13/pflag v1.0.5/go.mod h1:McXfInJRrz4CZXVZOBLb0bTZqETkiAhM9Iw0y3An2Bg=
go.xrstf.de/rudi v0.7.1-0.20240201200935-90d797505ff2 h1:4oxJ57/LMe0GptHuvZx0xq2KJZzHRXy0UJfk6MybdA0=
go.xrstf.de/rudi v0.7.1-0.20240201200935-90d797505ff2/go.mod h1:ERo0X1RhWc5J8FFlNWx9i0j3ZEvrRD/YXqVvo+q1rfo=
go.xrstf.de/rudi-contrib/set v0.1.1 h1:7MBJrZrrAc3a6MjoBzp4/l2BRn94+lrjTDwWKcCHXBY=
go.xrstf.de/rudi-contrib/set v0.1.1/go.mod h1:sSVG87d5+N3F+q+a83uMsYKityChmbC23fUEUfAEQWU=
k8s.io/apimachinery v0.29.0 h1:+ACVktwyicPz0oc6MTMLwa2Pw3ouLAfAon1wPLtG48o=
k8s.io/apimachinery v0.29.0/go.mod h1:eVBxQ/cwiJxH58eK/jd/vAk4mrxmVlnpBH5J2GbMeis=
